
Microsoft Visual Studio Solution File, Format Version 12.00
# Visual Studio Version 16
VisualStudioVersion = 16.0.31515.178
MinimumVisualStudioVersion = 10.0.40219.1
Project("{FAE04EC0-301F-11D3-BF4B-00C04F79EFBC}") = "back-end", "back-end\back-end.csproj", "{3B5F0985-5B75-4046-A62A-89D5215142DB}"
EndProject
Global
	GlobalSection(SolutionConfigurationPlatforms) = preSolution
		Debug|Any CPU = Debug|Any CPU
		Release|Any CPU = Release|Any CPU
	EndGlobalSection
	GlobalSection(ProjectConfigurationPlatforms) = postSolution
		{3B5F0985-5B75-4046-A62A-89D5215142DB}.Debug|Any CPU.ActiveCfg = Debug|Any CPU
		{3B5F0985-5B75-4046-A62A-89D5215142DB}.Debug|Any CPU.Build.0 = Debug|Any CPU
		{3B5F0985-5B75-4046-A62A-89D5215142DB}.Release|Any CPU.ActiveCfg = Release|Any CPU
		{3B5F0985-5B75-4046-A62A-89D5215142DB}.Release|Any CPU.Build.0 = Release|Any CPU
	EndGlobalSection
	GlobalSection(SolutionProperties) = preSolution
		HideSolutionNode = FALSE
	EndGlobalSection
	GlobalSection(ExtensibilityGlobals) = postSolution
		SolutionGuid = {5EA523F4-B99F-48C8-A908-DB0A72C16946}
	EndGlobalSection
EndGlobal
